
Microsoft Visual Studio Solution File, Format Version 12.00
# Visual Studio Version 16
VisualStudioVersion = 16.0.31313.79
MinimumVisualStudioVersion = 10.0.40219.1
Project("{FAE04EC0-301F-11D3-BF4B-00C04F79EFBC}") = "Rewind", "Rewind\Rewind.csproj", "{70F92012-DB7C-4D6F-9551-ED7937C12EEE}"
EndProject
Global
	GlobalSection(SolutionConfigurationPlatforms) = preSolution
		Debug|Any CPU = Debug|Any CPU
		Release|Any CPU = Release|Any CPU
	EndGlobalSection
	GlobalSection(ProjectConfigurationPlatforms) = postSolution
		{70F92012-DB7C-4D6F-9551-ED7937C12EEE}.Debug|Any CPU.ActiveCfg = Debug|Any CPU
		{70F92012-DB7C-4D6F-9551-ED7937C12EEE}.Debug|Any CPU.Build.0 = Debug|Any CPU
		{70F92012-DB7C-4D6F-9551-ED7937C12EEE}.Release|Any CPU.ActiveCfg = Release|Any CPU
		{70F92012-DB7C-4D6F-9551-ED7937C12EEE}.Release|Any CPU.Build.0 = Release|Any CPU
	EndGlobalSection
	GlobalSection(SolutionProperties) = preSolution
		HideSolutionNode = FALSE
	EndGlobalSection
	GlobalSection(ExtensibilityGlobals) = postSolution
		SolutionGuid = {045F18AA-E0F2-40EC-ACED-A3B129C21B79}
	EndGlobalSection
EndGlobal
